// !$*UTF8*$!
{
	archiveVersion = 1;
	classes = {
	};
	objectVersion = 56;
	objects = {

/* Begin PBXBuildFile section */
		88AD36FE2A61625100373D03 /* AppDelegate.swift in Sources */ = {isa = PBXBuildFile; fileRef = 88AD36FD2A61625100373D03 /* AppDelegate.swift */; };
		88AD37002A61625100373D03 /* SceneDelegate.swift in Sources */ = {isa = PBXBuildFile; fileRef = 88AD36FF2A61625100373D03 /* SceneDelegate.swift */; };
		88AD37022A61625200373D03 /* ViewController.swift in Sources */ = {isa = PBXBuildFile; fileRef = 88AD37012A61625100373D03 /* ViewController.swift */; };
		88AD37052A61625200373D03 /* Main.storyboard in Resources */ = {isa = PBXBuildFile; fileRef = 88AD37032A61625200373D03 /* Main.storyboard */; };
		88AD37072A61625300373D03 /* Assets.xcassets in Resources */ = {isa = PBXBuildFile; fileRef = 88AD37062A61625300373D03 /* Assets.xcassets */; };
		88AD370A2A61625300373D03 /* LaunchScreen.storyboard in Resources */ = {isa = PBXBuildFile; fileRef = 88AD37082A61625300373D03 /* LaunchScreen.storyboard */; };
		88AD37152A61625300373D03 /* WonderTinderTests.swift in Sources */ = {isa = PBXBuildFile; fileRef = 88AD37142A61625300373D03 /* WonderTinderTests.swift */; };
		88AD371F2A61625300373D03 /* WonderTinderUITests.swift in Sources */ = {isa = PBXBuildFile; fileRef = 88AD371E2A61625300373D03 /* WonderTinderUITests.swift */; };
		88AD37212A61625300373D03 /* WonderTinderUITestsLaunchTests.swift in Sources */ = {isa = PBXBuildFile; fileRef = 88AD37202A61625300373D03 /* WonderTinderUITestsLaunchTests.swift */; };
/* End PBXBuildFile section */

/* Begin PBXContainerItemProxy section */
		88AD37112A61625300373D03 /* PBXContainerItemProxy */ = {
			isa = PBXContainerItemProxy;
			containerPortal = 88AD36F22A61625100373D03 /* Project object */;
			proxyType = 1;
			remoteGlobalIDString = 88AD36F92A61625100373D03;
			remoteInfo = WonderTinder;
		};
		88AD371B2A61625300373D03 /* PBXContainerItemProxy */ = {
			isa = PBXContainerItemProxy;
			containerPortal = 88AD36F22A61625100373D03 /* Project object */;
			proxyType = 1;
			remoteGlobalIDString = 88AD36F92A61625100373D03;
			remoteInfo = WonderTinder;
		};
/* End PBXContainerItemProxy section */

/* Begin PBXFileReference section */
		88AD36FA2A61625100373D03 /* WonderTinder.app */ = {isa = PBXFileReference; explicitFileType = wrapper.application; includeInIndex = 0; path = WonderTinder.app; sourceTree = BUILT_PRODUCTS_DIR; };
		88AD36FD2A61625100373D03 /* AppDelegate.swift */ = {isa = PBXFileReference; lastKnownFileType = sourcecode.swift; path = AppDelegate.swift; sourceTree = "<group>"; };
		88AD36FF2A61625100373D03 /* SceneDelegate.swift */ = {isa = PBXFileReference; lastKnownFileType = sourcecode.swift; path = SceneDelegate.swift; sourceTree = "<group>"; };
		88AD37012A61625100373D03 /* ViewController.swift */ = {isa = PBXFileReference; lastKnownFileType = sourcecode.swift; path = ViewController.swift; sourceTree = "<group>"; };
		88AD37042A61625200373D03 /* Base */ = {isa = PBXFileReference; lastKnownFileType = file.storyboard; name = Base; path = Base.lproj/Main.storyboard; sourceTree = "<group>"; };
		88AD37062A61625300373D03 /* Assets.xcassets */ = {isa = PBXFileReference; lastKnownFileType = folder.assetcatalog; path = Assets.xcassets; sourceTree = "<group>"; };
		88AD37092A61625300373D03 /* Base */ = {isa = PBXFileReference; lastKnownFileType = file.storyboard; name = Base; path = Base.lproj/LaunchScreen.storyboard; sourceTree = "<group>"; };
		88AD370B2A61625300373D03 /* Info.plist */ = {isa = PBXFileReference; lastKnownFileType = text.plist.xml; path = Info.plist; sourceTree = "<group>"; };
		88AD37102A61625300373D03 /* WonderTinderTests.xctest */ = {isa = PBXFileReference; explicitFileType = wrapper.cfbundle; includeInIndex = 0; path = WonderTinderTests.xctest; sourceTree = BUILT_PRODUCTS_DIR; };
		88AD37142A61625300373D03 /* WonderTinderTests.swift */ = {isa = PBXFileReference; lastKnownFileType = sourcecode.swift; path = WonderTinderTests.swift; sourceTree = "<group>"; };
		88AD371A2A61625300373D03 /* WonderTinderUITests.xctest */ = {isa = PBXFileReference; explicitFileType = wrapper.cfbundle; includeInIndex = 0; path = WonderTinderUITests.xctest; sourceTree = BUILT_PRODUCTS_DIR; };
		88AD371E2A61625300373D03 /* WonderTinderUITests.swift */ = {isa = PBXFileReference; lastKnownFileType = sourcecode.swift; path = WonderTinderUITests.swift; sourceTree = "<group>"; };
		88AD37202A61625300373D03 /* WonderTinderUITestsLaunchTests.swift */ = {isa = PBXFileReference; lastKnownFileType = sourcecode.swift; path = WonderTinderUITestsLaunchTests.swift; sourceTree = "<group>"; };
/* End PBXFileReference section */

/* Begin PBXFrameworksBuildPhase section */
		88AD36F72A61625100373D03 /* Frameworks */ = {
			isa = PBXFrameworksBuildPhase;
			buildActionMask = 2147483647;
			files = (
			);
			runOnlyForDeploymentPostprocessing = 0;
		};
		88AD370D2A61625300373D03 /* Frameworks */ = {
			isa = PBXFrameworksBuildPhase;
			buildActionMask = 2147483647;
			files = (
			);
			runOnlyForDeploymentPostprocessing = 0;
		};
		88AD37172A61625300373D03 /* Frameworks */ = {
			isa = PBXFrameworksBuildPhase;
			buildActionMask = 2147483647;
			files = (
			);
			runOnlyForDeploymentPostprocessing = 0;
		};
/* End PBXFrameworksBuildPhase section */

/* Begin PBXGroup section */
		88AD36F12A61625100373D03 = {
			isa = PBXGroup;
			children = (
				88AD36FC2A61625100373D03 /* WonderTinder */,
				88AD37132A61625300373D03 /* WonderTinderTests */,
				88AD371D2A61625300373D03 /* WonderTinderUITests */,
				88AD36FB2A61625100373D03 /* Products */,
			);
			sourceTree = "<group>";
		};
		88AD36FB2A61625100373D03 /* Products */ = {
			isa = PBXGroup;
			children = (
				88AD36FA2A61625100373D03 /* WonderTinder.app */,
				88AD37102A61625300373D03 /* WonderTinderTests.xctest */,
				88AD371A2A61625300373D03 /* WonderTinderUITests.xctest */,
			);
			name = Products;
			sourceTree = "<group>";
		};
		88AD36FC2A61625100373D03 /* WonderTinder */ = {
			isa = PBXGroup;
			children = (
				88AD36FD2A61625100373D03 /* AppDelegate.swift */,
				88AD36FF2A61625100373D03 /* SceneDelegate.swift */,
				88AD37012A61625100373D03 /* ViewController.swift */,
				88AD37032A61625200373D03 /* Main.storyboard */,
				88AD37062A61625300373D03 /* Assets.xcassets */,
				88AD37082A61625300373D03 /* LaunchScreen.storyboard */,
				88AD370B2A61625300373D03 /* Info.plist */,
			);
			path = WonderTinder;
			sourceTree = "<group>";
		};
		88AD37132A61625300373D03 /* WonderTinderTests */ = {
			isa = PBXGroup;
			children = (
				88AD37142A61625300373D03 /* WonderTinderTests.swift */,
			);
			path = WonderTinderTests;
			sourceTree = "<group>";
		};
		88AD371D2A61625300373D03 /* WonderTinderUITests */ = {
			isa = PBXGroup;
			children = (
				88AD371E2A61625300373D03 /* WonderTinderUITests.swift */,
				88AD37202A61625300373D03 /* WonderTinderUITestsLaunchTests.swift */,
			);
			path = WonderTinderUITests;
			sourceTree = "<group>";
		};
/* End PBXGroup section */

/* Begin PBXNativeTarget section */
		88AD36F92A61625100373D03 /* WonderTinder */ = {
			isa = PBXNativeTarget;
			buildConfigurationList = 88AD37242A61625300373D03 /* Build configuration list for PBXNativeTarget "WonderTinder" */;
			buildPhases = (
				88AD36F62A61625100373D03 /* Sources */,
				88AD36F72A61625100373D03 /* Frameworks */,
				88AD36F82A61625100373D03 /* Resources */,
			);
			buildRules = (
			);
			dependencies = (
			);
			name = WonderTinder;
			productName = WonderTinder;
			productReference = 88AD36FA2A61625100373D03 /* WonderTinder.app */;
			productType = "com.apple.product-type.application";
		};
		88AD370F2A61625300373D03 /* WonderTinderTests */ = {
			isa = PBXNativeTarget;
			buildConfigurationList = 88AD37272A61625300373D03 /* Build configuration list for PBXNativeTarget "WonderTinderTests" */;
			buildPhases = (
				88AD370C2A61625300373D03 /* Sources */,
				88AD370D2A61625300373D03 /* Frameworks */,
				88AD370E2A61625300373D03 /* Resources */,
			);
			buildRules = (
			);
			dependencies = (
				88AD37122A61625300373D03 /* PBXTargetDependency */,
			);
			name = WonderTinderTests;
			productName = WonderTinderTests;
			productReference = 88AD37102A61625300373D03 /* WonderTinderTests.xctest */;
			productType = "com.apple.product-type.bundle.unit-test";
		};
		88AD37192A61625300373D03 /* WonderTinderUITests */ = {
			isa = PBXNativeTarget;
			buildConfigurationList = 88AD372A2A61625300373D03 /* Build configuration list for PBXNativeTarget "WonderTinderUITests" */;
			buildPhases = (
				88AD37162A61625300373D03 /* Sources */,
				88AD37172A61625300373D03 /* Frameworks */,
				88AD37182A61625300373D03 /* Resources */,
			);
			buildRules = (
			);
			dependencies = (
				88AD371C2A61625300373D03 /* PBXTargetDependency */,
			);
			name = WonderTinderUITests;
			productName = WonderTinderUITests;
			productReference = 88AD371A2A61625300373D03 /* WonderTinderUITests.xctest */;
			productType = "com.apple.product-type.bundle.ui-testing";
		};
/* End PBXNativeTarget section */

/* Begin PBXProject section */
		88AD36F22A61625100373D03 /* Project object */ = {
			isa = PBXProject;
			attributes = {
				BuildIndependentTargetsInParallel = 1;
				LastSwiftUpdateCheck = 1410;
				LastUpgradeCheck = 1410;
				TargetAttributes = {
					88AD36F92A61625100373D03 = {
						CreatedOnToolsVersion = 14.1;
					};
					88AD370F2A61625300373D03 = {
						CreatedOnToolsVersion = 14.1;
						TestTargetID = 88AD36F92A61625100373D03;
					};
					88AD37192A61625300373D03 = {
						CreatedOnToolsVersion = 14.1;
						TestTargetID = 88AD36F92A61625100373D03;
					};
				};
			};
			buildConfigurationList = 88AD36F52A61625100373D03 /* Build configuration list for PBXProject "WonderTinder" */;
			compatibilityVersion = "Xcode 14.0";
			developmentRegion = en;
			hasScannedForEncodings = 0;
			knownRegions = (
				en,
				Base,
			);
			mainGroup = 88AD36F12A61625100373D03;
			productRefGroup = 88AD36FB2A61625100373D03 /* Products */;
			projectDirPath = "";
			projectRoot = "";
			targets = (
				88AD36F92A61625100373D03 /* WonderTinder */,
				88AD370F2A61625300373D03 /* WonderTinderTests */,
				88AD37192A61625300373D03 /* WonderTinderUITests */,
			);
		};
/* End PBXProject section */

/* Begin PBXResourcesBuildPhase section */
		88AD36F82A61625100373D03 /* Resources */ = {
			isa = PBXResourcesBuildPhase;
			buildActionMask = 2147483647;
			files = (
				88AD370A2A61625300373D03 /* LaunchScreen.storyboard in Resources */,
				88AD37072A61625300373D03 /* Assets.xcassets in Resources */,
				88AD37052A61625200373D03 /* Main.storyboard in Resources */,
			);
			runOnlyForDeploymentPostprocessing = 0;
		};
		88AD370E2A61625300373D03 /* Resources */ = {
			isa = PBXResourcesBuildPhase;
			buildActionMask = 2147483647;
			files = (
			);
			runOnlyForDeploymentPostprocessing = 0;
		};
		88AD37182A61625300373D03 /* Resources */ = {
			isa = PBXResourcesBuildPhase;
			buildActionMask = 2147483647;
			files = (
			);
			runOnlyForDeploymentPostprocessing = 0;
		};
/* End PBXResourcesBuildPhase section */

/* Begin PBXSourcesBuildPhase section */
		88AD36F62A61625100373D03 /* Sources */ = {
			isa = PBXSourcesBuildPhase;
			buildActionMask = 2147483647;
			files = (
				88AD37022A61625200373D03 /* ViewController.swift in Sources */,
				88AD36FE2A61625100373D03 /* AppDelegate.swift in Sources */,
				88AD37002A61625100373D03 /* SceneDelegate.swift in Sources */,
			);
			runOnlyForDeploymentPostprocessing = 0;
		};
		88AD370C2A61625300373D03 /* Sources */ = {
			isa = PBXSourcesBuildPhase;
			buildActionMask = 2147483647;
			files = (
				88AD37152A61625300373D03 /* WonderTinderTests.swift in Sources */,
			);
			runOnlyForDeploymentPostprocessing = 0;
		};
		88AD37162A61625300373D03 /* Sources */ = {
			isa = PBXSourcesBuildPhase;
			buildActionMask = 2147483647;
			files = (
				88AD371F2A61625300373D03 /* WonderTinderUITests.swift in Sources */,
				88AD37212A61625300373D03 /* WonderTinderUITestsLaunchTests.swift in Sources */,
			);
			runOnlyForDeploymentPostprocessing = 0;
		};
/* End PBXSourcesBuildPhase section */

/* Begin PBXTargetDependency section */
		88AD37122A61625300373D03 /* PBXTargetDependency */ = {
			isa = PBXTargetDependency;
			target = 88AD36F92A61625100373D03 /* WonderTinder */;
			targetProxy = 88AD37112A61625300373D03 /* PBXContainerItemProxy */;
		};
		88AD371C2A61625300373D03 /* PBXTargetDependency */ = {
			isa = PBXTargetDependency;
			target = 88AD36F92A61625100373D03 /* WonderTinder */;
			targetProxy = 88AD371B2A61625300373D03 /* PBXContainerItemProxy */;
		};
/* End PBXTargetDependency section */

/* Begin PBXVariantGroup section */
		88AD37032A61625200373D03 /* Main.storyboard */ = {
			isa = PBXVariantGroup;
			children = (
				88AD37042A61625200373D03 /* Base */,
			);
			name = Main.storyboard;
			sourceTree = "<group>";
		};
		88AD37082A61625300373D03 /* LaunchScreen.storyboard */ = {
			isa = PBXVariantGroup;
			children = (
				88AD37092A61625300373D03 /* Base */,
			);
			name = LaunchScreen.storyboard;
			sourceTree = "<group>";
		};
/* End PBXVariantGroup section */

/* Begin XCBuildConfiguration section */
		88AD37222A61625300373D03 /* Debug */ = {
			isa = XCBuildConfiguration;
			buildSettings = {
				ALWAYS_SEARCH_USER_PATHS = NO;
				CLANG_ANALYZER_NONNULL = YES;
				CLANG_ANALYZER_NUMBER_OBJECT_CONVERSION = YES_AGGRESSIVE;
				CLANG_CXX_LANGUAGE_STANDARD = "gnu++20";
				CLANG_ENABLE_MODULES = YES;
				CLANG_ENABLE_OBJC_ARC = YES;
				CLANG_ENABLE_OBJC_WEAK = YES;
				CLANG_WARN_BLOCK_CAPTURE_AUTORELEASING = YES;
				CLANG_WARN_BOOL_CONVERSION = YES;
				CLANG_WARN_COMMA = YES;
				CLANG_WARN_CONSTANT_CONVERSION = YES;
				CLANG_WARN_DEPRECATED_OBJC_IMPLEMENTATIONS = YES;
				CLANG_WARN_DIRECT_OBJC_ISA_USAGE = YES_ERROR;
				CLANG_WARN_DOCUMENTATION_COMMENTS = YES;
				CLANG_WARN_EMPTY_BODY = YES;
				CLANG_WARN_ENUM_CONVERSION = YES;
				CLANG_WARN_INFINITE_RECURSION = YES;
				CLANG_WARN_INT_CONVERSION = YES;
				CLANG_WARN_NON_LITERAL_NULL_CONVERSION = YES;
				CLANG_WARN_OBJC_IMPLICIT_RETAIN_SELF = YES;
				CLANG_WARN_OBJC_LITERAL_CONVERSION = YES;
				CLANG_WARN_OBJC_ROOT_CLASS = YES_ERROR;
				CLANG_WARN_QUOTED_INCLUDE_IN_FRAMEWORK_HEADER = YES;
				CLANG_WARN_RANGE_LOOP_ANALYSIS = YES;
				CLANG_WARN_STRICT_PROTOTYPES = YES;
				CLANG_WARN_SUSPICIOUS_MOVE = YES;
				CLANG_WARN_UNGUARDED_AVAILABILITY = YES_AGGRESSIVE;
				CLANG_WARN_UNREACHABLE_CODE = YES;
				CLANG_WARN__DUPLICATE_METHOD_MATCH = YES;
				COPY_PHASE_STRIP = NO;
				DEBUG_INFORMATION_FORMAT = dwarf;
				ENABLE_STRICT_OBJC_MSGSEND = YES;
				ENABLE_TESTABILITY = YES;
				GCC_C_LANGUAGE_STANDARD = gnu11;
				GCC_DYNAMIC_NO_PIC = NO;
				GCC_NO_COMMON_BLOCKS = YES;
				GCC_OPTIMIZATION_LEVEL = 0;
				GCC_PREPROCESSOR_DEFINITIONS = (
					"DEBUG=1",
					"$(inherited)",
				);
				GCC_WARN_64_TO_32_BIT_CONVERSION = YES;
				GCC_WARN_ABOUT_RETURN_TYPE = YES_ERROR;
				GCC_WARN_UNDECLARED_SELECTOR = YES;
				GCC_WARN_UNINITIALIZED_AUTOS = YES_AGGRESSIVE;
				GCC_WARN_UNUSED_FUNCTION = YES;
				GCC_WARN_UNUSED_VARIABLE = YES;
				IPHONEOS_DEPLOYMENT_TARGET = 16.1;
				MTL_ENABLE_DEBUG_INFO = INCLUDE_SOURCE;
				MTL_FAST_MATH = YES;
				ONLY_ACTIVE_ARCH = YES;
				SDKROOT = iphoneos;
				SWIFT_ACTIVE_COMPILATION_CONDITIONS = DEBUG;
				SWIFT_OPTIMIZATION_LEVEL = "-Onone";
			};
			name = Debug;
		};
		88AD37232A61625300373D03 /* Release */ = {
			isa = XCBuildConfiguration;
			buildSettings = {
				ALWAYS_SEARCH_USER_PATHS = NO;
				CLANG_ANALYZER_NONNULL = YES;
				CLANG_ANALYZER_NUMBER_OBJECT_CONVERSION = YES_AGGRESSIVE;
				CLANG_CXX_LANGUAGE_STANDARD = "gnu++20";
				CLANG_ENABLE_MODULES = YES;
				CLANG_ENABLE_OBJC_ARC = YES;
				CLANG_ENABLE_OBJC_WEAK = YES;
				CLANG_WARN_BLOCK_CAPTURE_AUTORELEASING = YES;
				CLANG_WARN_BOOL_CONVERSION = YES;
				CLANG_WARN_COMMA = YES;
				CLANG_WARN_CONSTANT_CONVERSION = YES;
				CLANG_WARN_DEPRECATED_OBJC_IMPLEMENTATIONS = YES;
				CLANG_WARN_DIRECT_OBJC_ISA_USAGE = YES_ERROR;
				CLANG_WARN_DOCUMENTATION_COMMENTS = YES;
				CLANG_WARN_EMPTY_BODY = YES;
				CLANG_WARN_ENUM_CONVERSION = YES;
				CLANG_WARN_INFINITE_RECURSION = YES;
				CLANG_WARN_INT_CONVERSION = YES;
				CLANG_WARN_NON_LITERAL_NULL_CONVERSION = YES;
				CLANG_WARN_OBJC_IMPLICIT_RETAIN_SELF = YES;
				CLANG_WARN_OBJC_LITERAL_CONVERSION = YES;
				CLANG_WARN_OBJC_ROOT_CLASS = YES_ERROR;
				CLANG_WARN_QUOTED_INCLUDE_IN_FRAMEWORK_HEADER = YES;
				CLANG_WARN_RANGE_LOOP_ANALYSIS = YES;
				CLANG_WARN_STRICT_PROTOTYPES = YES;
				CLANG_WARN_SUSPICIOUS_MOVE = YES;
				CLANG_WARN_UNGUARDED_AVAILABILITY = YES_AGGRESSIVE;
				CLANG_WARN_UNREACHABLE_CODE = YES;
				CLANG_WARN__DUPLICATE_METHOD_MATCH = YES;
				COPY_PHASE_STRIP = NO;
				DEBUG_INFORMATION_FORMAT = "dwarf-with-dsym";
				ENABLE_NS_ASSERTIONS = NO;
				ENABLE_STRICT_OBJC_MSGSEND = YES;
				GCC_C_LANGUAGE_STANDARD = gnu11;
				GCC_NO_COMMON_BLOCKS = YES;
				GCC_WARN_64_TO_32_BIT_CONVERSION = YES;
				GCC_WARN_ABOUT_RETURN_TYPE = YES_ERROR;
				GCC_WARN_UNDECLARED_SELECTOR = YES;
				GCC_WARN_UNINITIALIZED_AUTOS = YES_AGGRESSIVE;
				GCC_WARN_UNUSED_FUNCTION = YES;
				GCC_WARN_UNUSED_VARIABLE = YES;
				IPHONEOS_DEPLOYMENT_TARGET = 16.1;
				MTL_ENABLE_DEBUG_INFO = NO;
				MTL_FAST_MATH = YES;
				SDKROOT = iphoneos;
				SWIFT_COMPILATION_MODE = wholemodule;
				SWIFT_OPTIMIZATION_LEVEL = "-O";
				VALIDATE_PRODUCT = YES;
			};
			name = Release;
		};
		88AD37252A61625300373D03 /* Debug */ = {
			isa = XCBuildConfiguration;
			buildSettings = {
				ASSETCATALOG_COMPILER_APPICON_NAME = AppIcon;
				ASSETCATALOG_COMPILER_GLOBAL_ACCENT_COLOR_NAME = AccentColor;
				CODE_SIGN_STYLE = Automatic;
				CURRENT_PROJECT_VERSION = 1;
				GENERATE_INFOPLIST_FILE = YES;
				INFOPLIST_FILE = WonderTinder/Info.plist;
				INFOPLIST_KEY_UIApplicationSupportsIndirectInputEvents = YES;
				INFOPLIST_KEY_UILaunchStoryboardName = LaunchScreen;
				INFOPLIST_KEY_UIMainStoryboardFile = Main;
				INFOPLIST_KEY_UISupportedInterfaceOrientations_iPad = "UIInterfaceOrientationPortrait UIInterfaceOrientationPortraitUpsideDown UIInterfaceOrientationLandscapeLeft UIInterfaceOrientationLandscapeRight";
				INFOPLIST_KEY_UISupportedInterfaceOrientations_iPhone = "UIInterfaceOrientationPortrait UIInterfaceOrientationLandscapeLeft UIInterfaceOrientationLandscapeRight";
				LD_RUNPATH_SEARCH_PATHS = (
					"$(inherited)",
					"@executable_path/Frameworks",
				);
				MARKETING_VERSION = 1.0;
				PRODUCT_BUNDLE_IDENTIFIER = com.Mazen.WonderTinder;
				PRODUCT_NAME = "$(TARGET_NAME)";
				SWIFT_EMIT_LOC_STRINGS = YES;
				SWIFT_VERSION = 5.0;
				TARGETED_DEVICE_FAMILY = "1,2";
			};
			name = Debug;
		};
		88AD37262A61625300373D03 /* Release */ = {
			isa = XCBuildConfiguration;
			buildSettings = {
				ASSETCATALOG_COMPILER_APPICON_NAME = AppIcon;
				ASSETCATALOG_COMPILER_GLOBAL_ACCENT_COLOR_NAME = AccentColor;
				CODE_SIGN_STYLE = Automatic;
				CURRENT_PROJECT_VERSION = 1;
				GENERATE_INFOPLIST_FILE = YES;
				INFOPLIST_FILE = WonderTinder/Info.plist;
				INFOPLIST_KEY_UIApplicationSupportsIndirectInputEvents = YES;
				INFOPLIST_KEY_UILaunchStoryboardName = LaunchScreen;
				INFOPLIST_KEY_UIMainStoryboardFile = Main;
				INFOPLIST_KEY_UISupportedInterfaceOrientations_iPad = "UIInterfaceOrientationPortrait UIInterfaceOrientationPortraitUpsideDown UIInterfaceOrientationLandscapeLeft UIInterfaceOrientationLandscapeRight";
				INFOPLIST_KEY_UISupportedInterfaceOrientations_iPhone = "UIInterfaceOrientationPortrait UIInterfaceOrientationLandscapeLeft UIInterfaceOrientationLandscapeRight";
				LD_RUNPATH_SEARCH_PATHS = (
					"$(inherited)",
					"@executable_path/Frameworks",
				);
				MARKETING_VERSION = 1.0;
				PRODUCT_BUNDLE_IDENTIFIER = com.Mazen.WonderTinder;
				PRODUCT_NAME = "$(TARGET_NAME)";
				SWIFT_EMIT_LOC_STRINGS = YES;
				SWIFT_VERSION = 5.0;
				TARGETED_DEVICE_FAMILY = "1,2";
			};
			name = Release;
		};
		88AD37282A61625300373D03 /* Debug */ = {
			isa = XCBuildConfiguration;
			buildSettings = {
				ALWAYS_EMBED_SWIFT_STANDARD_LIBRARIES = YES;
				BUNDLE_LOADER = "$(TEST_HOST)";
				CODE_SIGN_STYLE = Automatic;
				CURRENT_PROJECT_VERSION = 1;
				GENERATE_INFOPLIST_FILE = YES;
				IPHONEOS_DEPLOYMENT_TARGET = 16.1;
				MARKETING_VERSION = 1.0;
				PRODUCT_BUNDLE_IDENTIFIER = com.Mazen.WonderTinderTests;
				PRODUCT_NAME = "$(TARGET_NAME)";
				SWIFT_EMIT_LOC_STRINGS = NO;
				SWIFT_VERSION = 5.0;
				TARGETED_DEVICE_FAMILY = "1,2";
				TEST_HOST = "$(BUILT_PRODUCTS_DIR)/WonderTinder.app/$(BUNDLE_EXECUTABLE_FOLDER_PATH)/WonderTinder";
			};
			name = Debug;
		};
		88AD37292A61625300373D03 /* Release */ = {
			isa = XCBuildConfiguration;
			buildSettings = {
				ALWAYS_EMBED_SWIFT_STANDARD_LIBRARIES = YES;
				BUNDLE_LOADER = "$(TEST_HOST)";
				CODE_SIGN_STYLE = Automatic;
				CURRENT_PROJECT_VERSION = 1;
				GENERATE_INFOPLIST_FILE = YES;
				IPHONEOS_DEPLOYMENT_TARGET = 16.1;
				MARKETING_VERSION = 1.0;
				PRODUCT_BUNDLE_IDENTIFIER = com.Mazen.WonderTinderTests;
				PRODUCT_NAME = "$(TARGET_NAME)";
				SWIFT_EMIT_LOC_STRINGS = NO;
				SWIFT_VERSION = 5.0;
				TARGETED_DEVICE_FAMILY = "1,2";
				TEST_HOST = "$(BUILT_PRODUCTS_DIR)/WonderTinder.app/$(BUNDLE_EXECUTABLE_FOLDER_PATH)/WonderTinder";
			};
			name = Release;
		};
		88AD372B2A61625300373D03 /* Debug */ = {
			isa = XCBuildConfiguration;
			buildSettings = {
				ALWAYS_EMBED_SWIFT_STANDARD_LIBRARIES = YES;
				CODE_SIGN_STYLE = Automatic;
				CURRENT_PROJECT_VERSION = 1;
				GENERATE_INFOPLIST_FILE = YES;
				MARKETING_VERSION = 1.0;
				PRODUCT_BUNDLE_IDENTIFIER = com.Mazen.WonderTinderUITests;
				PRODUCT_NAME = "$(TARGET_NAME)";
				SWIFT_EMIT_LOC_STRINGS = NO;
				SWIFT_VERSION = 5.0;
				TARGETED_DEVICE_FAMILY = "1,2";
				TEST_TARGET_NAME = WonderTinder;
			};
			name = Debug;
		};
		88AD372C2A61625300373D03 /* Release */ = {
			isa = XCBuildConfiguration;
			buildSettings = {
				ALWAYS_EMBED_SWIFT_STANDARD_LIBRARIES = YES;
				CODE_SIGN_STYLE = Automatic;
				CURRENT_PROJECT_VERSION = 1;
				GENERATE_INFOPLIST_FILE = YES;
				MARKETING_VERSION = 1.0;
				PRODUCT_BUNDLE_IDENTIFIER = com.Mazen.WonderTinderUITests;
				PRODUCT_NAME = "$(TARGET_NAME)";
				SWIFT_EMIT_LOC_STRINGS = NO;
				SWIFT_VERSION = 5.0;
				TARGETED_DEVICE_FAMILY = "1,2";
				TEST_TARGET_NAME = WonderTinder;
			};
			name = Release;
		};
/* End XCBuildConfiguration section */

/* Begin XCConfigurationList section */
		88AD36F52A61625100373D03 /* Build configuration list for PBXProject "WonderTinder" */ = {
			isa = XCConfigurationList;
			buildConfigurations = (
				88AD37222A61625300373D03 /* Debug */,
				88AD37232A61625300373D03 /* Release */,
			);
			defaultConfigurationIsVisible = 0;
			defaultConfigurationName = Release;
		};
		88AD37242A61625300373D03 /* Build configuration list for PBXNativeTarget "WonderTinder" */ = {
			isa = XCConfigurationList;
			buildConfigurations = (
				88AD37252A61625300373D03 /* Debug */,
				88AD37262A61625300373D03 /* Release */,
			);
			defaultConfigurationIsVisible = 0;
			defaultConfigurationName = Release;
		};
		88AD37272A61625300373D03 /* Build configuration list for PBXNativeTarget "WonderTinderTests" */ = {
			isa = XCConfigurationList;
			buildConfigurations = (
				88AD37282A61625300373D03 /* Debug */,
				88AD37292A61625300373D03 /* Release */,
			);
			defaultConfigurationIsVisible = 0;
			defaultConfigurationName = Release;
		};
		88AD372A2A61625300373D03 /* Build configuration list for PBXNativeTarget "WonderTinderUITests" */ = {
			isa = XCConfigurationList;
			buildConfigurations = (
				88AD372B2A61625300373D03 /* Debug */,
				88AD372C2A61625300373D03 /* Release */,
			);
			defaultConfigurationIsVisible = 0;
			defaultConfigurationName = Release;
		};
/* End XCConfigurationList section */
	};
	rootObject = 88AD36F22A61625100373D03 /* Project object */;
}
